
Microsoft Visual Studio Solution File, Format Version 12.00
# Visual Studio Version 17
VisualStudioVersion = 17.14.36518.9
MinimumVisualStudioVersion = 10.0.40219.1
Project("{FAE04EC0-301F-11D3-BF4B-00C04F79EFBC}") = "Tyuiu.KhokhanovDA.Sprint1.Task0.V26", "Tyuiu.KhokhanovDA.Sprint1.Task0.V26\Tyuiu.KhokhanovDA.Sprint1.Task0.V26.csproj", "{9EFF821E-8279-4683-9ABE-EC7B50DFEF7D}"
EndProject
Project("{2150E333-8FDC-42A3-9474-1A3956D46DE8}") = "Task0", "Task0", "{02EA681E-C7D8-13C7-8484-4AC65E1B71E8}"
EndProject
Project("{FAE04EC0-301F-11D3-BF4B-00C04F79EFBC}") = "Tyuiu.KhokhanovDA.Sprint1.Task0.V26.Test", "Tyuiu.KhokhanovDA.Sprint1.Task0.V26.Test\Tyuiu.KhokhanovDA.Sprint1.Task0.V26.Test.csproj", "{80C12FDD-B640-4F47-BE9B-7ABBC8EDDC7A}"
EndProject
Project("{FAE04EC0-301F-11D3-BF4B-00C04F79EFBC}") = "Tyuiu.KhokhanovDA.Sprint1.Task0.V26.Lib", "Tyuiu.KhokhanovDA.Sprint1.Task0.V26.Lib\Tyuiu.KhokhanovDA.Sprint1.Task0.V26.Lib.csproj", "{02A2D4AF-80F8-450B-ACDF-4CA5614ABBCC}"
EndProject
Project("{2150E333-8FDC-42A3-9474-1A3956D46DE8}") = "Task1", "Task1", "{58E57A93-79A4-448E-8706-14B8C15FDE69}"
EndProject
Project("{FAE04EC0-301F-11D3-BF4B-00C04F79EFBC}") = "Tyuiu.KhokhanovDA.Sprint1.Task1.V7", "Tyuiu.KhokhanovDA.Sprint1.Task1.V7\Tyuiu.KhokhanovDA.Sprint1.Task1.V7.csproj", "{A4D4AA54-939D-45E3-9794-71ACEC93D969}"
EndProject
Project("{FAE04EC0-301F-11D3-BF4B-00C04F79EFBC}") = "Tyuiu.KhokhanovDA.Sprint1.Task1.V7.Lib", "Tyuiu.KhokhanovDA.Sprint1.Task1.V7.Lib\Tyuiu.KhokhanovDA.Sprint1.Task1.V7.Lib.csproj", "{5BFECEA8-061C-41B8-A956-C51ECEA29BED}"
EndProject
Project("{FAE04EC0-301F-11D3-BF4B-00C04F79EFBC}") = "Tyuiu.KhokhanovDA.Sprint1.Task1.V7.Test", "Tyuiu.KhokhanovDA.Sprint1.Task1.V7.Test\Tyuiu.KhokhanovDA.Sprint1.Task1.V7.Test.csproj", "{019B3390-BDD2-7646-AFE0-EB5673279A01}"
EndProject
Project("{2150E333-8FDC-42A3-9474-1A3956D46DE8}") = "Task2", "Task2", "{432F2BFD-84BB-4EC1-8A3E-33F32BC8D4EE}"
EndProject
Project("{FAE04EC0-301F-11D3-BF4B-00C04F79EFBC}") = "Tyuiu.KhokhanovDA.Sprint1.Task2.V12", "Tyuiu.KhokhanovDA.Sprint1.Task2.V12\Tyuiu.KhokhanovDA.Sprint1.Task2.V12.csproj", "{EDE5D5A3-30AA-49D1-BC4B-5D3BD4D5AE99}"
EndProject
Project("{FAE04EC0-301F-11D3-BF4B-00C04F79EFBC}") = "Tyuiu.KhokhanovDA.Sprint1.Task2.V12.Lib", "Tyuiu.KhokhanovDA.Sprint1.Task2.V12.Lib\Tyuiu.KhokhanovDA.Sprint1.Task2.V12.Lib.csproj", "{590CC901-402C-463D-8E3E-6CB7153F5A3E}"
EndProject
Project("{FAE04EC0-301F-11D3-BF4B-00C04F79EFBC}") = "Tyuiu.KhokhanovDA.Sprint1.Task2.V12.Test", "Tyuiu.KhokhanovDA.Sprint1.Task2.V12.Test\Tyuiu.KhokhanovDA.Sprint1.Task2.V12.Test.csproj", "{8A0159B0-2A29-480F-8054-66B20C7629CA}"
EndProject
Project("{2150E333-8FDC-42A3-9474-1A3956D46DE8}") = "Task3", "Task3", "{633D3489-2926-49F3-AEC4-9BB062C89857}"
EndProject
Project("{FAE04EC0-301F-11D3-BF4B-00C04F79EFBC}") = "Tyuiu.KhokhanovDA.Sprint1.Task3.V8", "Tyuiu.KhokhanovDA.Sprint1.Task3.V8\Tyuiu.KhokhanovDA.Sprint1.Task3.V8.csproj", "{C524D772-2474-4E5F-986F-84F387248420}"
EndProject
Project("{FAE04EC0-301F-11D3-BF4B-00C04F79EFBC}") = "Tyuiu.KhokhanovDA.Sprint1.Task3.V8.Lib", "Tyuiu.KhokhanovDA.Sprint1.Task3.V8.Lib\Tyuiu.KhokhanovDA.Sprint1.Task3.V8.Lib.csproj", "{565C619E-1B83-48CD-B2A8-35942992AB0E}"
EndProject
Project("{FAE04EC0-301F-11D3-BF4B-00C04F79EFBC}") = "Tyuiu.KhokhanovDA.Sprint1.Task3.V8.Test", "Tyuiu.KhokhanovDA.Sprint1.Task3.V8.Test\Tyuiu.KhokhanovDA.Sprint1.Task3.V8.Test.csproj", "{FF62ABCA-9757-45DE-9D4D-5E0EF682DD98}"
EndProject
Project("{2150E333-8FDC-42A3-9474-1A3956D46DE8}") = "Task4", "Task4", "{8CA111C9-4088-48C1-A2EE-D6FE5EA7B0DD}"
EndProject
Project("{FAE04EC0-301F-11D3-BF4B-00C04F79EFBC}") = "Tyuiu.KhokhanovDA.Sprint1.Task4.V25", "Tyuiu.KhokhanovDA.Sprint1.Task4.V25\Tyuiu.KhokhanovDA.Sprint1.Task4.V25.csproj", "{013962D6-63FC-4C48-BCC1-3B330D19ACEE}"
EndProject
Project("{FAE04EC0-301F-11D3-BF4B-00C04F79EFBC}") = "Tyuiu.KhokhanovDA.Sprint1.Task4.V25.Lib", "Tyuiu.KhokhanovDA.Sprint1.Task4.V25.Lib\Tyuiu.KhokhanovDA.Sprint1.Task4.V25.Lib.csproj", "{54CB0CF9-9565-4117-A6B2-18E1E1D54BFB}"
EndProject
Project("{FAE04EC0-301F-11D3-BF4B-00C04F79EFBC}") = "Tyuiu.KhokhanovDA.Sprint1.Task4.V25.Test", "Tyuiu.KhokhanovDA.Sprint1.Task4.V25.Test\Tyuiu.KhokhanovDA.Sprint1.Task4.V25.Test.csproj", "{5FDCF2E6-2A08-4A74-BAD5-50E0EE9BE193}"
EndProject
Project("{2150E333-8FDC-42A3-9474-1A3956D46DE8}") = "Task5", "Task5", "{71C8B954-2310-4736-8238-2FFE54543060}"
EndProject
Project("{FAE04EC0-301F-11D3-BF4B-00C04F79EFBC}") = "Tyuiu.KhokhanovDA.Sprint1.Task5.V5", "Tyuiu.KhokhanovDA.Sprint1.Task5.V5\Tyuiu.KhokhanovDA.Sprint1.Task5.V5.csproj", "{F9AF1AEF-FD06-41D5-B041-5D9ECB8371F8}"
EndProject
Project("{FAE04EC0-301F-11D3-BF4B-00C04F79EFBC}") = "Tyuiu.KhokhanovDA.Sprint1.Task5.V5.Lib", "Tyuiu.KhokhanovDA.Sprint1.Task5.V5.Lib\Tyuiu.KhokhanovDA.Sprint1.Task5.V5.Lib.csproj", "{6078B40B-732C-4AA4-84F9-55FF4C0BF409}"
EndProject
Project("{FAE04EC0-301F-11D3-BF4B-00C04F79EFBC}") = "Tyuiu.KhokhanovDA.Sprint1.Task5.V5.Test", "Tyuiu.KhokhanovDA.Sprint1.Task5.V5.Test\Tyuiu.KhokhanovDA.Sprint1.Task5.V5.Test.csproj", "{8DDB5685-3C50-4272-8678-09A9BCCF4C00}"
EndProject
Project("{2150E333-8FDC-42A3-9474-1A3956D46DE8}") = "Task6", "Task6", "{F4590618-563D-44B6-904D-2BB27B5187D1}"
EndProject
Project("{FAE04EC0-301F-11D3-BF4B-00C04F79EFBC}") = "Tyuiu.KhokhanovDA.Sprint1.Task6.V8", "Tyuiu.KhokhanovDA.Sprint1.Task6.V8\Tyuiu.KhokhanovDA.Sprint1.Task6.V8.csproj", "{A8CEB07D-7180-476E-831D-4E318E0EE896}"
EndProject
Project("{FAE04EC0-301F-11D3-BF4B-00C04F79EFBC}") = "Tyuiu.KhokhanovDA.Sprint1.Task6.V8.Lib", "Tyuiu.KhokhanovDA.Sprint1.Task6.V8.Lib\Tyuiu.KhokhanovDA.Sprint1.Task6.V8.Lib.csproj", "{7B90E347-3579-4932-A779-69F849EA8580}"
EndProject
Project("{FAE04EC0-301F-11D3-BF4B-00C04F79EFBC}") = "Tyuiu.KhokhanovDA.Sprint1.Task6.V8.Test", "Tyuiu.KhokhanovDA.Sprint1.Task6.V8.Test\Tyuiu.KhokhanovDA.Sprint1.Task6.V8.Test.csproj", "{07599AC4-5865-4AEE-B70E-809290CD00A4}"
EndProject
Project("{2150E333-8FDC-42A3-9474-1A3956D46DE8}") = "Task7", "Task7", "{5B9134B0-AD02-48FB-AFE6-505A7B1D24C4}"
EndProject
Project("{FAE04EC0-301F-11D3-BF4B-00C04F79EFBC}") = "Tyuiu.KhokhanovDA.Sprint1.Task7.V20", "Tyuiu.KhokhanovDA.Sprint1.Task7.V20\Tyuiu.KhokhanovDA.Sprint1.Task7.V20.csproj", "{BE3768D1-2B8E-4DCA-B796-FDEFD8E68389}"
EndProject
Project("{FAE04EC0-301F-11D3-BF4B-00C04F79EFBC}") = "Tyuiu.KhokhanovDA.Sprint1.Task7.V20.Lib", "Tyuiu.KhokhanovDA.Sprint1.Task7.V20.Lib\Tyuiu.KhokhanovDA.Sprint1.Task7.V20.Lib.csproj", "{955AA1F9-7D6E-4F95-9F58-DDC487D49B02}"
EndProject
Project("{FAE04EC0-301F-11D3-BF4B-00C04F79EFBC}") = "Tyuiu.KhokhanovDA.Sprint1.Task7.V20.Test", "Tyuiu.KhokhanovDA.Sprint1.Task7.V20.Test\Tyuiu.KhokhanovDA.Sprint1.Task7.V20.Test.csproj", "{5A4EB45E-FB60-4D2D-9D01-B12A2B311453}"
EndProject
Global
	GlobalSection(SolutionConfigurationPlatforms) = preSolution
		Debug|Any CPU = Debug|Any CPU
		Release|Any CPU = Release|Any CPU
	EndGlobalSection
	GlobalSection(ProjectConfigurationPlatforms) = postSolution
		{9EFF821E-8279-4683-9ABE-EC7B50DFEF7D}.Debug|Any CPU.ActiveCfg = Debug|Any CPU
		{9EFF821E-8279-4683-9ABE-EC7B50DFEF7D}.Debug|Any CPU.Build.0 = Debug|Any CPU
		{9EFF821E-8279-4683-9ABE-EC7B50DFEF7D}.Release|Any CPU.ActiveCfg = Release|Any CPU
		{9EFF821E-8279-4683-9ABE-EC7B50DFEF7D}.Release|Any CPU.Build.0 = Release|Any CPU
		{80C12FDD-B640-4F47-BE9B-7ABBC8EDDC7A}.Debug|Any CPU.ActiveCfg = Debug|Any CPU
		{80C12FDD-B640-4F47-BE9B-7ABBC8EDDC7A}.Debug|Any CPU.Build.0 = Debug|Any CPU
		{80C12FDD-B640-4F47-BE9B-7ABBC8EDDC7A}.Release|Any CPU.ActiveCfg = Release|Any CPU
		{80C12FDD-B640-4F47-BE9B-7ABBC8EDDC7A}.Release|Any CPU.Build.0 = Release|Any CPU
		{02A2D4AF-80F8-450B-ACDF-4CA5614ABBCC}.Debug|Any CPU.ActiveCfg = Debug|Any CPU
		{02A2D4AF-80F8-450B-ACDF-4CA5614ABBCC}.Debug|Any CPU.Build.0 = Debug|Any CPU
		{02A2D4AF-80F8-450B-ACDF-4CA5614ABBCC}.Release|Any CPU.ActiveCfg = Release|Any CPU
		{02A2D4AF-80F8-450B-ACDF-4CA5614ABBCC}.Release|Any CPU.Build.0 = Release|Any CPU
		{A4D4AA54-939D-45E3-9794-71ACEC93D969}.Debug|Any CPU.ActiveCfg = Debug|Any CPU
		{A4D4AA54-939D-45E3-9794-71ACEC93D969}.Debug|Any CPU.Build.0 = Debug|Any CPU
		{A4D4AA54-939D-45E3-9794-71ACEC93D969}.Release|Any CPU.ActiveCfg = Release|Any CPU
		{A4D4AA54-939D-45E3-9794-71ACEC93D969}.Release|Any CPU.Build.0 = Release|Any CPU
		{5BFECEA8-061C-41B8-A956-C51ECEA29BED}.Debug|Any CPU.ActiveCfg = Debug|Any CPU
		{5BFECEA8-061C-41B8-A956-C51ECEA29BED}.Debug|Any CPU.Build.0 = Debug|Any CPU
		{5BFECEA8-061C-41B8-A956-C51ECEA29BED}.Release|Any CPU.ActiveCfg = Release|Any CPU
		{5BFECEA8-061C-41B8-A956-C51ECEA29BED}.Release|Any CPU.Build.0 = Release|Any CPU
		{019B3390-BDD2-7646-AFE0-EB5673279A01}.Debug|Any CPU.ActiveCfg = Debug|Any CPU
		{019B3390-BDD2-7646-AFE0-EB5673279A01}.Debug|Any CPU.Build.0 = Debug|Any CPU
		{019B3390-BDD2-7646-AFE0-EB5673279A01}.Release|Any CPU.ActiveCfg = Release|Any CPU
		{019B3390-BDD2-7646-AFE0-EB5673279A01}.Release|Any CPU.Build.0 = Release|Any CPU
		{EDE5D5A3-30AA-49D1-BC4B-5D3BD4D5AE99}.Debug|Any CPU.ActiveCfg = Debug|Any CPU
		{EDE5D5A3-30AA-49D1-BC4B-5D3BD4D5AE99}.Debug|Any CPU.Build.0 = Debug|Any CPU
		{EDE5D5A3-30AA-49D1-BC4B-5D3BD4D5AE99}.Release|Any CPU.ActiveCfg = Release|Any CPU
		{EDE5D5A3-30AA-49D1-BC4B-5D3BD4D5AE99}.Release|Any CPU.Build.0 = Release|Any CPU
		{590CC901-402C-463D-8E3E-6CB7153F5A3E}.Debug|Any CPU.ActiveCfg = Debug|Any CPU
		{590CC901-402C-463D-8E3E-6CB7153F5A3E}.Debug|Any CPU.Build.0 = Debug|Any CPU
		{590CC901-402C-463D-8E3E-6CB7153F5A3E}.Release|Any CPU.ActiveCfg = Release|Any CPU
		{590CC901-402C-463D-8E3E-6CB7153F5A3E}.Release|Any CPU.Build.0 = Release|Any CPU
		{8A0159B0-2A29-480F-8054-66B20C7629CA}.Debug|Any CPU.ActiveCfg = Debug|Any CPU
		{8A0159B0-2A29-480F-8054-66B20C7629CA}.Debug|Any CPU.Build.0 = Debug|Any CPU
		{8A0159B0-2A29-480F-8054-66B20C7629CA}.Release|Any CPU.ActiveCfg = Release|Any CPU
		{8A0159B0-2A29-480F-8054-66B20C7629CA}.Release|Any CPU.Build.0 = Release|Any CPU
		{C524D772-2474-4E5F-986F-84F387248420}.Debug|Any CPU.ActiveCfg = Debug|Any CPU
		{C524D772-2474-4E5F-986F-84F387248420}.Debug|Any CPU.Build.0 = Debug|Any CPU
		{C524D772-2474-4E5F-986F-84F387248420}.Release|Any CPU.ActiveCfg = Release|Any CPU
		{C524D772-2474-4E5F-986F-84F387248420}.Release|Any CPU.Build.0 = Release|Any CPU
		{565C619E-1B83-48CD-B2A8-35942992AB0E}.Debug|Any CPU.ActiveCfg = Debug|Any CPU
		{565C619E-1B83-48CD-B2A8-35942992AB0E}.Debug|Any CPU.Build.0 = Debug|Any CPU
		{565C619E-1B83-48CD-B2A8-35942992AB0E}.Release|Any CPU.ActiveCfg = Release|Any CPU
		{565C619E-1B83-48CD-B2A8-35942992AB0E}.Release|Any CPU.Build.0 = Release|Any CPU
		{FF62ABCA-9757-45DE-9D4D-5E0EF682DD98}.Debug|Any CPU.ActiveCfg = Debug|Any CPU
		{FF62ABCA-9757-45DE-9D4D-5E0EF682DD98}.Debug|Any CPU.Build.0 = Debug|Any CPU
		{FF62ABCA-9757-45DE-9D4D-5E0EF682DD98}.Release|Any CPU.ActiveCfg = Release|Any CPU
		{FF62ABCA-9757-45DE-9D4D-5E0EF682DD98}.Release|Any CPU.Build.0 = Release|Any CPU
		{013962D6-63FC-4C48-BCC1-3B330D19ACEE}.Debug|Any CPU.ActiveCfg = Debug|Any CPU
		{013962D6-63FC-4C48-BCC1-3B330D19ACEE}.Debug|Any CPU.Build.0 = Debug|Any CPU
		{013962D6-63FC-4C48-BCC1-3B330D19ACEE}.Release|Any CPU.ActiveCfg = Release|Any CPU
		{013962D6-63FC-4C48-BCC1-3B330D19ACEE}.Release|Any CPU.Build.0 = Release|Any CPU
		{54CB0CF9-9565-4117-A6B2-18E1E1D54BFB}.Debug|Any CPU.ActiveCfg = Debug|Any CPU
		{54CB0CF9-9565-4117-A6B2-18E1E1D54BFB}.Debug|Any CPU.Build.0 = Debug|Any CPU
		{54CB0CF9-9565-4117-A6B2-18E1E1D54BFB}.Release|Any CPU.ActiveCfg = Release|Any CPU
		{54CB0CF9-9565-4117-A6B2-18E1E1D54BFB}.Release|Any CPU.Build.0 = Release|Any CPU
		{5FDCF2E6-2A08-4A74-BAD5-50E0EE9BE193}.Debug|Any CPU.ActiveCfg = Debug|Any CPU
		{5FDCF2E6-2A08-4A74-BAD5-50E0EE9BE193}.Debug|Any CPU.Build.0 = Debug|Any CPU
		{5FDCF2E6-2A08-4A74-BAD5-50E0EE9BE193}.Release|Any CPU.ActiveCfg = Release|Any CPU
		{5FDCF2E6-2A08-4A74-BAD5-50E0EE9BE193}.Release|Any CPU.Build.0 = Release|Any CPU
		{F9AF1AEF-FD06-41D5-B041-5D9ECB8371F8}.Debug|Any CPU.ActiveCfg = Debug|Any CPU
		{F9AF1AEF-FD06-41D5-B041-5D9ECB8371F8}.Debug|Any CPU.Build.0 = Debug|Any CPU
		{F9AF1AEF-FD06-41D5-B041-5D9ECB8371F8}.Release|Any CPU.ActiveCfg = Release|Any CPU
		{F9AF1AEF-FD06-41D5-B041-5D9ECB8371F8}.Release|Any CPU.Build.0 = Release|Any CPU
		{6078B40B-732C-4AA4-84F9-55FF4C0BF409}.Debug|Any CPU.ActiveCfg = Debug|Any CPU
		{6078B40B-732C-4AA4-84F9-55FF4C0BF409}.Debug|Any CPU.Build.0 = Debug|Any CPU
		{6078B40B-732C-4AA4-84F9-55FF4C0BF409}.Release|Any CPU.ActiveCfg = Release|Any CPU
		{6078B40B-732C-4AA4-84F9-55FF4C0BF409}.Release|Any CPU.Build.0 = Release|Any CPU
		{8DDB5685-3C50-4272-8678-09A9BCCF4C00}.Debug|Any CPU.ActiveCfg = Debug|Any CPU
		{8DDB5685-3C50-4272-8678-09A9BCCF4C00}.Debug|Any CPU.Build.0 = Debug|Any CPU
		{8DDB5685-3C50-4272-8678-09A9BCCF4C00}.Release|Any CPU.ActiveCfg = Release|Any CPU
		{8DDB5685-3C50-4272-8678-09A9BCCF4C00}.Release|Any CPU.Build.0 = Release|Any CPU
		{A8CEB07D-7180-476E-831D-4E318E0EE896}.Debug|Any CPU.ActiveCfg = Debug|Any CPU
		{A8CEB07D-7180-476E-831D-4E318E0EE896}.Debug|Any CPU.Build.0 = Debug|Any CPU
		{A8CEB07D-7180-476E-831D-4E318E0EE896}.Release|Any CPU.ActiveCfg = Release|Any CPU
		{A8CEB07D-7180-476E-831D-4E318E0EE896}.Release|Any CPU.Build.0 = Release|Any CPU
		{7B90E347-3579-4932-A779-69F849EA8580}.Debug|Any CPU.ActiveCfg = Debug|Any CPU
		{7B90E347-3579-4932-A779-69F849EA8580}.Debug|Any CPU.Build.0 = Debug|Any CPU
		{7B90E347-3579-4932-A779-69F849EA8580}.Release|Any CPU.ActiveCfg = Release|Any CPU
		{7B90E347-3579-4932-A779-69F849EA8580}.Release|Any CPU.Build.0 = Release|Any CPU
		{07599AC4-5865-4AEE-B70E-809290CD00A4}.Debug|Any CPU.ActiveCfg = Debug|Any CPU
		{07599AC4-5865-4AEE-B70E-809290CD00A4}.Debug|Any CPU.Build.0 = Debug|Any CPU
		{07599AC4-5865-4AEE-B70E-809290CD00A4}.Release|Any CPU.ActiveCfg = Release|Any CPU
		{07599AC4-5865-4AEE-B70E-809290CD00A4}.Release|Any CPU.Build.0 = Release|Any CPU
		{BE3768D1-2B8E-4DCA-B796-FDEFD8E68389}.Debug|Any CPU.ActiveCfg = Debug|Any CPU
		{BE3768D1-2B8E-4DCA-B796-FDEFD8E68389}.Debug|Any CPU.Build.0 = Debug|Any CPU
		{BE3768D1-2B8E-4DCA-B796-FDEFD8E68389}.Release|Any CPU.ActiveCfg = Release|Any CPU
		{BE3768D1-2B8E-4DCA-B796-FDEFD8E68389}.Release|Any CPU.Build.0 = Release|Any CPU
		{955AA1F9-7D6E-4F95-9F58-DDC487D49B02}.Debug|Any CPU.ActiveCfg = Debug|Any CPU
		{955AA1F9-7D6E-4F95-9F58-DDC487D49B02}.Debug|Any CPU.Build.0 = Debug|Any CPU
		{955AA1F9-7D6E-4F95-9F58-DDC487D49B02}.Release|Any CPU.ActiveCfg = Release|Any CPU
		{955AA1F9-7D6E-4F95-9F58-DDC487D49B02}.Release|Any CPU.Build.0 = Release|Any CPU
		{5A4EB45E-FB60-4D2D-9D01-B12A2B311453}.Debug|Any CPU.ActiveCfg = Debug|Any CPU
		{5A4EB45E-FB60-4D2D-9D01-B12A2B311453}.Debug|Any CPU.Build.0 = Debug|Any CPU
		{5A4EB45E-FB60-4D2D-9D01-B12A2B311453}.Release|Any CPU.ActiveCfg = Release|Any CPU
		{5A4EB45E-FB60-4D2D-9D01-B12A2B311453}.Release|Any CPU.Build.0 = Release|Any CPU
	EndGlobalSection
	GlobalSection(SolutionProperties) = preSolution
		HideSolutionNode = FALSE
	EndGlobalSection
	GlobalSection(NestedProjects) = preSolution
		{9EFF821E-8279-4683-9ABE-EC7B50DFEF7D} = {02EA681E-C7D8-13C7-8484-4AC65E1B71E8}
		{80C12FDD-B640-4F47-BE9B-7ABBC8EDDC7A} = {02EA681E-C7D8-13C7-8484-4AC65E1B71E8}
		{02A2D4AF-80F8-450B-ACDF-4CA5614ABBCC} = {02EA681E-C7D8-13C7-8484-4AC65E1B71E8}
		{A4D4AA54-939D-45E3-9794-71ACEC93D969} = {58E57A93-79A4-448E-8706-14B8C15FDE69}
		{5BFECEA8-061C-41B8-A956-C51ECEA29BED} = {58E57A93-79A4-448E-8706-14B8C15FDE69}
		{019B3390-BDD2-7646-AFE0-EB5673279A01} = {58E57A93-79A4-448E-8706-14B8C15FDE69}
		{EDE5D5A3-30AA-49D1-BC4B-5D3BD4D5AE99} = {432F2BFD-84BB-4EC1-8A3E-33F32BC8D4EE}
		{590CC901-402C-463D-8E3E-6CB7153F5A3E} = {432F2BFD-84BB-4EC1-8A3E-33F32BC8D4EE}
		{8A0159B0-2A29-480F-8054-66B20C7629CA} = {432F2BFD-84BB-4EC1-8A3E-33F32BC8D4EE}
		{C524D772-2474-4E5F-986F-84F387248420} = {633D3489-2926-49F3-AEC4-9BB062C89857}
		{565C619E-1B83-48CD-B2A8-35942992AB0E} = {633D3489-2926-49F3-AEC4-9BB062C89857}
		{FF62ABCA-9757-45DE-9D4D-5E0EF682DD98} = {633D3489-2926-49F3-AEC4-9BB062C89857}
		{013962D6-63FC-4C48-BCC1-3B330D19ACEE} = {8CA111C9-4088-48C1-A2EE-D6FE5EA7B0DD}
		{54CB0CF9-9565-4117-A6B2-18E1E1D54BFB} = {8CA111C9-4088-48C1-A2EE-D6FE5EA7B0DD}
		{5FDCF2E6-2A08-4A74-BAD5-50E0EE9BE193} = {8CA111C9-4088-48C1-A2EE-D6FE5EA7B0DD}
		{F9AF1AEF-FD06-41D5-B041-5D9ECB8371F8} = {71C8B954-2310-4736-8238-2FFE54543060}
		{6078B40B-732C-4AA4-84F9-55FF4C0BF409} = {71C8B954-2310-4736-8238-2FFE54543060}
		{8DDB5685-3C50-4272-8678-09A9BCCF4C00} = {71C8B954-2310-4736-8238-2FFE54543060}
		{A8CEB07D-7180-476E-831D-4E318E0EE896} = {F4590618-563D-44B6-904D-2BB27B5187D1}
		{7B90E347-3579-4932-A779-69F849EA8580} = {F4590618-563D-44B6-904D-2BB27B5187D1}
		{07599AC4-5865-4AEE-B70E-809290CD00A4} = {F4590618-563D-44B6-904D-2BB27B5187D1}
		{BE3768D1-2B8E-4DCA-B796-FDEFD8E68389} = {5B9134B0-AD02-48FB-AFE6-505A7B1D24C4}
		{955AA1F9-7D6E-4F95-9F58-DDC487D49B02} = {5B9134B0-AD02-48FB-AFE6-505A7B1D24C4}
		{5A4EB45E-FB60-4D2D-9D01-B12A2B311453} = {5B9134B0-AD02-48FB-AFE6-505A7B1D24C4}
	EndGlobalSection
	GlobalSection(ExtensibilityGlobals) = postSolution
		SolutionGuid = {4CB23786-9D98-4E70-A149-C281A27BD8ED}
	EndGlobalSection
EndGlobal
