
Microsoft Visual Studio Solution File, Format Version 12.00
# Visual Studio Version 17
VisualStudioVersion = 17.14.36518.9 d17.14
MinimumVisualStudioVersion = 10.0.40219.1
Project("{FAE04EC0-301F-11D3-BF4B-00C04F79EFBC}") = "Tyuiu.KhokhanovDA.Sprint1.Task0.V26", "Tyuiu.KhokhanovDA.Sprint1.Task0.V26\Tyuiu.KhokhanovDA.Sprint1.Task0.V26.csproj", "{9EFF821E-8279-4683-9ABE-EC7B50DFEF7D}"
EndProject
Project("{2150E333-8FDC-42A3-9474-1A3956D46DE8}") = "Task0", "Task0", "{02EA681E-C7D8-13C7-8484-4AC65E1B71E8}"
EndProject
Project("{FAE04EC0-301F-11D3-BF4B-00C04F79EFBC}") = "Tyuiu.KhokhanovDA.Sprint1.Task0.V26.Test", "Tyuiu.KhokhanovDA.Sprint1.Task0.V26.Test\Tyuiu.KhokhanovDA.Sprint1.Task0.V26.Test.csproj", "{80C12FDD-B640-4F47-BE9B-7ABBC8EDDC7A}"
EndProject
Project("{FAE04EC0-301F-11D3-BF4B-00C04F79EFBC}") = "Tyuiu.KhokhanovDA.Sprint1.Task0.V26.Lib", "Tyuiu.KhokhanovDA.Sprint1.Task0.V26.Lib\Tyuiu.KhokhanovDA.Sprint1.Task0.V26.Lib.csproj", "{02A2D4AF-80F8-450B-ACDF-4CA5614ABBCC}"
EndProject
Project("{2150E333-8FDC-42A3-9474-1A3956D46DE8}") = "Task1", "Task1", "{58E57A93-79A4-448E-8706-14B8C15FDE69}"
EndProject
Project("{FAE04EC0-301F-11D3-BF4B-00C04F79EFBC}") = "Tyuiu.KhokhanovDA.Sprint1.Task1.V7", "Tyuiu.KhokhanovDA.Sprint1.Task1.V7\Tyuiu.KhokhanovDA.Sprint1.Task1.V7.csproj", "{A4D4AA54-939D-45E3-9794-71ACEC93D969}"
EndProject
Project("{FAE04EC0-301F-11D3-BF4B-00C04F79EFBC}") = "Tyuiu.KhokhanovDA.Sprint1.Task1.V7.Lib", "Tyuiu.KhokhanovDA.Sprint1.Task1.V7.Lib\Tyuiu.KhokhanovDA.Sprint1.Task1.V7.Lib.csproj", "{5BFECEA8-061C-41B8-A956-C51ECEA29BED}"
EndProject
Project("{FAE04EC0-301F-11D3-BF4B-00C04F79EFBC}") = "Tyuiu.KhokhanovDA.Sprint1.Task1.V7.Test", "Tyuiu.KhokhanovDA.Sprint1.Task1.V7.Test\Tyuiu.KhokhanovDA.Sprint1.Task1.V7.Test.csproj", "{019B3390-BDD2-7646-AFE0-EB5673279A01}"
EndProject
Project("{2150E333-8FDC-42A3-9474-1A3956D46DE8}") = "Task2", "Task2", "{432F2BFD-84BB-4EC1-8A3E-33F32BC8D4EE}"
EndProject
Project("{FAE04EC0-301F-11D3-BF4B-00C04F79EFBC}") = "Tyuiu.KhokhanovDA.Sprint1.Task2.V12", "Tyuiu.KhokhanovDA.Sprint1.Task2.V12\Tyuiu.KhokhanovDA.Sprint1.Task2.V12.csproj", "{EDE5D5A3-30AA-49D1-BC4B-5D3BD4D5AE99}"
EndProject
Project("{FAE04EC0-301F-11D3-BF4B-00C04F79EFBC}") = "Tyuiu.KhokhanovDA.Sprint1.Task2.V12.Lib", "Tyuiu.KhokhanovDA.Sprint1.Task2.V12.Lib\Tyuiu.KhokhanovDA.Sprint1.Task2.V12.Lib.csproj", "{590CC901-402C-463D-8E3E-6CB7153F5A3E}"
EndProject
Project("{FAE04EC0-301F-11D3-BF4B-00C04F79EFBC}") = "Tyuiu.KhokhanovDA.Sprint1.Task2.V12.Test", "Tyuiu.KhokhanovDA.Sprint1.Task2.V12.Test\Tyuiu.KhokhanovDA.Sprint1.Task2.V12.Test.csproj", "{8A0159B0-2A29-480F-8054-66B20C7629CA}"
EndProject
Global
	GlobalSection(SolutionConfigurationPlatforms) = preSolution
		Debug|Any CPU = Debug|Any CPU
		Release|Any CPU = Release|Any CPU
	EndGlobalSection
	GlobalSection(ProjectConfigurationPlatforms) = postSolution
		{9EFF821E-8279-4683-9ABE-EC7B50DFEF7D}.Debug|Any CPU.ActiveCfg = Debug|Any CPU
		{9EFF821E-8279-4683-9ABE-EC7B50DFEF7D}.Debug|Any CPU.Build.0 = Debug|Any CPU
		{9EFF821E-8279-4683-9ABE-EC7B50DFEF7D}.Release|Any CPU.ActiveCfg = Release|Any CPU
		{9EFF821E-8279-4683-9ABE-EC7B50DFEF7D}.Release|Any CPU.Build.0 = Release|Any CPU
		{80C12FDD-B640-4F47-BE9B-7ABBC8EDDC7A}.Debug|Any CPU.ActiveCfg = Debug|Any CPU
		{80C12FDD-B640-4F47-BE9B-7ABBC8EDDC7A}.Debug|Any CPU.Build.0 = Debug|Any CPU
		{80C12FDD-B640-4F47-BE9B-7ABBC8EDDC7A}.Release|Any CPU.ActiveCfg = Release|Any CPU
		{80C12FDD-B640-4F47-BE9B-7ABBC8EDDC7A}.Release|Any CPU.Build.0 = Release|Any CPU
		{02A2D4AF-80F8-450B-ACDF-4CA5614ABBCC}.Debug|Any CPU.ActiveCfg = Debug|Any CPU
		{02A2D4AF-80F8-450B-ACDF-4CA5614ABBCC}.Debug|Any CPU.Build.0 = Debug|Any CPU
		{02A2D4AF-80F8-450B-ACDF-4CA5614ABBCC}.Release|Any CPU.ActiveCfg = Release|Any CPU
		{02A2D4AF-80F8-450B-ACDF-4CA5614ABBCC}.Release|Any CPU.Build.0 = Release|Any CPU
		{A4D4AA54-939D-45E3-9794-71ACEC93D969}.Debug|Any CPU.ActiveCfg = Debug|Any CPU
		{A4D4AA54-939D-45E3-9794-71ACEC93D969}.Debug|Any CPU.Build.0 = Debug|Any CPU
		{A4D4AA54-939D-45E3-9794-71ACEC93D969}.Release|Any CPU.ActiveCfg = Release|Any CPU
		{A4D4AA54-939D-45E3-9794-71ACEC93D969}.Release|Any CPU.Build.0 = Release|Any CPU
		{5BFECEA8-061C-41B8-A956-C51ECEA29BED}.Debug|Any CPU.ActiveCfg = Debug|Any CPU
		{5BFECEA8-061C-41B8-A956-C51ECEA29BED}.Debug|Any CPU.Build.0 = Debug|Any CPU
		{5BFECEA8-061C-41B8-A956-C51ECEA29BED}.Release|Any CPU.ActiveCfg = Release|Any CPU
		{5BFECEA8-061C-41B8-A956-C51ECEA29BED}.Release|Any CPU.Build.0 = Release|Any CPU
		{019B3390-BDD2-7646-AFE0-EB5673279A01}.Debug|Any CPU.ActiveCfg = Debug|Any CPU
		{019B3390-BDD2-7646-AFE0-EB5673279A01}.Debug|Any CPU.Build.0 = Debug|Any CPU
		{019B3390-BDD2-7646-AFE0-EB5673279A01}.Release|Any CPU.ActiveCfg = Release|Any CPU
		{019B3390-BDD2-7646-AFE0-EB5673279A01}.Release|Any CPU.Build.0 = Release|Any CPU
		{EDE5D5A3-30AA-49D1-BC4B-5D3BD4D5AE99}.Debug|Any CPU.ActiveCfg = Debug|Any CPU
		{EDE5D5A3-30AA-49D1-BC4B-5D3BD4D5AE99}.Debug|Any CPU.Build.0 = Debug|Any CPU
		{EDE5D5A3-30AA-49D1-BC4B-5D3BD4D5AE99}.Release|Any CPU.ActiveCfg = Release|Any CPU
		{EDE5D5A3-30AA-49D1-BC4B-5D3BD4D5AE99}.Release|Any CPU.Build.0 = Release|Any CPU
		{590CC901-402C-463D-8E3E-6CB7153F5A3E}.Debug|Any CPU.ActiveCfg = Debug|Any CPU
		{590CC901-402C-463D-8E3E-6CB7153F5A3E}.Debug|Any CPU.Build.0 = Debug|Any CPU
		{590CC901-402C-463D-8E3E-6CB7153F5A3E}.Release|Any CPU.ActiveCfg = Release|Any CPU
		{590CC901-402C-463D-8E3E-6CB7153F5A3E}.Release|Any CPU.Build.0 = Release|Any CPU
		{8A0159B0-2A29-480F-8054-66B20C7629CA}.Debug|Any CPU.ActiveCfg = Debug|Any CPU
		{8A0159B0-2A29-480F-8054-66B20C7629CA}.Debug|Any CPU.Build.0 = Debug|Any CPU
		{8A0159B0-2A29-480F-8054-66B20C7629CA}.Release|Any CPU.ActiveCfg = Release|Any CPU
		{8A0159B0-2A29-480F-8054-66B20C7629CA}.Release|Any CPU.Build.0 = Release|Any CPU
	EndGlobalSection
	GlobalSection(SolutionProperties) = preSolution
		HideSolutionNode = FALSE
	EndGlobalSection
	GlobalSection(NestedProjects) = preSolution
		{9EFF821E-8279-4683-9ABE-EC7B50DFEF7D} = {02EA681E-C7D8-13C7-8484-4AC65E1B71E8}
		{80C12FDD-B640-4F47-BE9B-7ABBC8EDDC7A} = {02EA681E-C7D8-13C7-8484-4AC65E1B71E8}
		{02A2D4AF-80F8-450B-ACDF-4CA5614ABBCC} = {02EA681E-C7D8-13C7-8484-4AC65E1B71E8}
		{A4D4AA54-939D-45E3-9794-71ACEC93D969} = {58E57A93-79A4-448E-8706-14B8C15FDE69}
		{5BFECEA8-061C-41B8-A956-C51ECEA29BED} = {58E57A93-79A4-448E-8706-14B8C15FDE69}
		{019B3390-BDD2-7646-AFE0-EB5673279A01} = {58E57A93-79A4-448E-8706-14B8C15FDE69}
		{EDE5D5A3-30AA-49D1-BC4B-5D3BD4D5AE99} = {432F2BFD-84BB-4EC1-8A3E-33F32BC8D4EE}
		{590CC901-402C-463D-8E3E-6CB7153F5A3E} = {432F2BFD-84BB-4EC1-8A3E-33F32BC8D4EE}
		{8A0159B0-2A29-480F-8054-66B20C7629CA} = {432F2BFD-84BB-4EC1-8A3E-33F32BC8D4EE}
	EndGlobalSection
	GlobalSection(ExtensibilityGlobals) = postSolution
		SolutionGuid = {4CB23786-9D98-4E70-A149-C281A27BD8ED}
	EndGlobalSection
EndGlobal
